{
  "name": "openfaas-function",
  "version": "1.0.0",
  "lockfileVersion": 1,
  "requires": true,
  "dependencies": {
    "async": {
      "version": "3.2.0",
      "resolved": "https://globaldevtools.bbva.com:443/artifactory/api/npm/npm-repo/async/-/async-3.2.0.tgz",
      "integrity": "sha1-s6JoXF67ZB094C0WEALGD8n4VyA="
    },
    "block-stream2": {
      "version": "2.0.0",
      "resolved": "https://globaldevtools.bbva.com:443/artifactory/api/npm/npm-repo/block-stream2/-/block-stream2-2.0.0.tgz",
      "integrity": "sha1-aAudNXyoudVjf07IpB+1loApEI8=",
      "requires": {
        "readable-stream": "^3.4.0"
      }
    },
    "es6-error": {
      "version": "4.1.1",
      "resolved": "https://globaldevtools.bbva.com:443/artifactory/api/npm/npm-repo/es6-error/-/es6-error-4.1.1.tgz",
      "integrity": "sha1-njr0B0Wd7tR+mpH5uIWoTrBcVh0="
    },
    "inherits": {
      "version": "2.0.4",
      "resolved": "https://globaldevtools.bbva.com:443/artifactory/api/npm/npm-repo/inherits/-/inherits-2.0.4.tgz",
      "integrity": "sha1-D6LGT5MpF8NDOg3tVTY6rjdBa3w="
    },
    "json-stream": {
      "version": "1.0.0",
      "resolved": "https://globaldevtools.bbva.com:443/artifactory/api/npm/npm-repo/json-stream/-/json-stream-1.0.0.tgz",
      "integrity": "sha1-GjhU4o0rvuqzHMfd9oPS3cVlJwg="
    },
    "lodash": {
      "version": "4.17.19",
      "resolved": "https://globaldevtools.bbva.com:443/artifactory/api/npm/npm-repo/lodash/-/lodash-4.17.19.tgz",
      "integrity": "sha1-5I3e2+MLMyF4PFtDAfvTU7weSks="
    },
    "mime-db": {
      "version": "1.44.0",
      "resolved": "https://globaldevtools.bbva.com:443/artifactory/api/npm/npm-repo/mime-db/-/mime-db-1.44.0.tgz",
      "integrity": "sha1-+hHF6wrKEzS0Izy01S8QxaYnL5I="
    },
    "mime-types": {
      "version": "2.1.27",
      "resolved": "https://globaldevtools.bbva.com:443/artifactory/api/npm/npm-repo/mime-types/-/mime-types-2.1.27.tgz",
      "integrity": "sha1-R5SfmOJ56lMRn1ci4PNOUpvsAJ8=",
      "requires": {
        "mime-db": "1.44.0"
      }
    },
    "minimist": {
      "version": "1.2.5",
      "resolved": "https://globaldevtools.bbva.com:443/artifactory/api/npm/npm-repo/minimist/-/minimist-1.2.5.tgz",
      "integrity": "sha1-Z9ZgFLZqaoqqDAg8X9WN9OTpdgI="
    },
    "minio": {
      "version": "7.0.16",
      "resolved": "https://globaldevtools.bbva.com:443/artifactory/api/npm/npm-repo/minio/-/minio-7.0.16.tgz",
      "integrity": "sha1-G78zS9/jUhSpwZl2j5TxG4awQGM=",
      "requires": {
        "async": "^3.1.0",
        "block-stream2": "^2.0.0",
        "es6-error": "^4.1.1",
        "json-stream": "^1.0.0",
        "lodash": "^4.14.2",
        "mime-types": "^2.1.14",
        "mkdirp": "^0.5.1",
        "querystring": "0.2.0",
        "through2": "^3.0.1",
        "xml": "^1.0.0",
        "xml2js": "^0.4.15"
      }
    },
    "mkdirp": {
      "version": "0.5.5",
      "resolved": "https://globaldevtools.bbva.com:443/artifactory/api/npm/npm-repo/mkdirp/-/mkdirp-0.5.5.tgz",
      "integrity": "sha1-2Rzv1i0UNsoPQWIOJRKI1CAJne8=",
      "requires": {
        "minimist": "^1.2.5"
      }
    },
    "path-parser": {
      "version": "6.1.0",
      "resolved": "https://globaldevtools.bbva.com:443/artifactory/api/npm/npm-repo/path-parser/-/path-parser-6.1.0.tgz",
      "integrity": "sha1-7ood17H/r0Bp8t3Rwg0YZ8j9Ogg=",
      "requires": {
        "search-params": "3.0.0",
        "tslib": "^1.10.0"
      }
    },
    "querystring": {
      "version": "0.2.0",
      "resolved": "https://globaldevtools.bbva.com:443/artifactory/api/npm/npm-repo/querystring/-/querystring-0.2.0.tgz",
      "integrity": "sha1-sgmEkgO7Jd+CDadW50cAWHhSFiA="
    },
    "readable-stream": {
      "version": "3.6.0",
      "resolved": "https://globaldevtools.bbva.com:443/artifactory/api/npm/npm-repo/readable-stream/-/readable-stream-3.6.0.tgz",
      "integrity": "sha1-M3u9o63AcGvT4CRCaihtS0sskZg=",
      "requires": {
        "inherits": "^2.0.3",
        "string_decoder": "^1.1.1",
        "util-deprecate": "^1.0.1"
      }
    },
    "safe-buffer": {
      "version": "5.2.1",
      "resolved": "https://globaldevtools.bbva.com:443/artifactory/api/npm/npm-repo/safe-buffer/-/safe-buffer-5.2.1.tgz",
      "integrity": "sha1-Hq+fqb2x/dTsdfWPnNtOa3gn7sY="
    },
    "sax": {
      "version": "1.2.4",
      "resolved": "https://globaldevtools.bbva.com:443/artifactory/api/npm/npm-repo/sax/-/sax-1.2.4.tgz",
      "integrity": "sha1-KBYjTiN4vdxOU1T6tcqold9xANk="
    },
    "search-params": {
      "version": "3.0.0",
      "resolved": "https://globaldevtools.bbva.com:443/artifactory/api/npm/npm-repo/search-params/-/search-params-3.0.0.tgz",
      "integrity": "sha1-28fCQwWOWjOuHphwvpH1rO1BANg="
    },
    "string_decoder": {
      "version": "1.3.0",
      "resolved": "https://globaldevtools.bbva.com:443/artifactory/api/npm/npm-repo/string_decoder/-/string_decoder-1.3.0.tgz",
      "integrity": "sha1-QvEUWUpGzxqOMLCoT1bHjD7awh4=",
      "requires": {
        "safe-buffer": "~5.2.0"
      }
    },
    "through2": {
      "version": "3.0.2",
      "resolved": "https://globaldevtools.bbva.com:443/artifactory/api/npm/npm-repo/through2/-/through2-3.0.2.tgz",
      "integrity": "sha1-mfiJMc/HYex2eLQdXXM2tbage/Q=",
      "requires": {
        "inherits": "^2.0.4",
        "readable-stream": "2 || 3"
      }
    },
    "tslib": {
      "version": "1.13.0",
      "resolved": "https://globaldevtools.bbva.com:443/artifactory/api/npm/npm-repo/tslib/-/tslib-1.13.0.tgz",
      "integrity": "sha1-yIHhPMcBWJTtkUhi0nZDb6mkcEM="
    },
    "util-deprecate": {
      "version": "1.0.2",
      "resolved": "https://globaldevtools.bbva.com:443/artifactory/api/npm/npm-repo/util-deprecate/-/util-deprecate-1.0.2.tgz",
      "integrity": "sha1-RQ1Nyfpw3nMnYvvS1KKJgUGaDM8="
    },
    "xml": {
      "version": "1.0.1",
      "resolved": "https://globaldevtools.bbva.com:443/artifactory/api/npm/npm-repo/xml/-/xml-1.0.1.tgz",
      "integrity": "sha1-eLpyAgApxbyHuKgaPPzXS0ovweU="
    },
    "xml2js": {
      "version": "0.4.23",
      "resolved": "https://globaldevtools.bbva.com:443/artifactory/api/npm/npm-repo/xml2js/-/xml2js-0.4.23.tgz",
      "integrity": "sha1-oMaVFnUkIesqx1juTUzPWIQ+rGY=",
      "requires": {
        "sax": ">=0.6.0",
        "xmlbuilder": "~11.0.0"
      }
    },
    "xmlbuilder": {
      "version": "11.0.1",
      "resolved": "https://globaldevtools.bbva.com:443/artifactory/api/npm/npm-repo/xmlbuilder/-/xmlbuilder-11.0.1.tgz",
      "integrity": "sha1-vpuuHIoEbnazESdyY0fQrXACvrM="
    }
  }
}
