{
  "name": "openfaas-function",
  "version": "1.0.0",
  "lockfileVersion": 1,
  "requires": true,
  "dependencies": {
    "nats": {
      "version": "1.4.10-0",
      "resolved": "https://globaldevtools.bbva.com:443/artifactory/api/npm/npm-repo/nats/-/nats-1.4.10-0.tgz",
      "integrity": "sha1-f4kjwAOGikVMnxSxsi+r3Mf5yOo=",
      "requires": {
        "nuid": "^1.1.4",
        "ts-nkeys": "^1.0.16"
      }
    },
    "nuid": {
      "version": "1.1.4",
      "resolved": "https://globaldevtools.bbva.com:443/artifactory/api/npm/npm-repo/nuid/-/nuid-1.1.4.tgz",
      "integrity": "sha1-YUVxC2zJ7w33uUrwnG11CSWTkJc="
    },
    "ts-nkeys": {
      "version": "1.0.16",
      "resolved": "https://globaldevtools.bbva.com:443/artifactory/api/npm/npm-repo/ts-nkeys/-/ts-nkeys-1.0.16.tgz",
      "integrity": "sha1-sMbnxPFvl2x+fdtpgvx4mi+XEkg=",
      "requires": {
        "tweetnacl": "^1.0.3"
      }
    },
    "tweetnacl": {
      "version": "1.0.3",
      "resolved": "https://globaldevtools.bbva.com:443/artifactory/api/npm/npm-repo/tweetnacl/-/tweetnacl-1.0.3.tgz",
      "integrity": "sha1-rAr3FoBFjYpjeNDQ0FCrFAfTVZY="
    }
  }
}
